
Microsoft Visual Studio Solution File, Format Version 12.00
# Visual Studio 15
VisualStudioVersion = 15.0.28010.2003
MinimumVisualStudioVersion = 10.0.40219.1
Project("{FAE04EC0-301F-11D3-BF4B-00C04F79EFBC}") = "Petshop", "Petshop\Petshop.csproj", "{C0C92998-E1EF-464D-8E8F-02F68040C092}"
EndProject
Global
	GlobalSection(SolutionConfigurationPlatforms) = preSolution
		Debug|Any CPU = Debug|Any CPU
		Release|Any CPU = Release|Any CPU
	EndGlobalSection
	GlobalSection(ProjectConfigurationPlatforms) = postSolution
		{C0C92998-E1EF-464D-8E8F-02F68040C092}.Debug|Any CPU.ActiveCfg = Debug|Any CPU
		{C0C92998-E1EF-464D-8E8F-02F68040C092}.Debug|Any CPU.Build.0 = Debug|Any CPU
		{C0C92998-E1EF-464D-8E8F-02F68040C092}.Release|Any CPU.ActiveCfg = Release|Any CPU
		{C0C92998-E1EF-464D-8E8F-02F68040C092}.Release|Any CPU.Build.0 = Release|Any CPU
	EndGlobalSection
	GlobalSection(SolutionProperties) = preSolution
		HideSolutionNode = FALSE
	EndGlobalSection
	GlobalSection(ExtensibilityGlobals) = postSolution
		SolutionGuid = {8065A438-F1E7-433D-B8C5-C7FFA637A558}
	EndGlobalSection
EndGlobal
